
Microsoft Visual Studio Solution File, Format Version 12.00
Project("{FAE04EC0-301F-11D3-BF4B-00C04F79EFBC}") = "API", "API\API.csproj", "{AEF99BE0-27E3-41A4-B3FA-4917E8A63D5A}"
EndProject
Project("{FAE04EC0-301F-11D3-BF4B-00C04F79EFBC}") = "Infrastructure", "Infrastructure\Infrastructure.csproj", "{85A38462-B7FF-4927-96B9-9D0D7AD4789C}"
EndProject
Project("{FAE04EC0-301F-11D3-BF4B-00C04F79EFBC}") = "Core", "Core\Core.csproj", "{B8D50EBB-BF19-4D74-992F-FE2AC31CC5D7}"
EndProject
Project("{FAE04EC0-301F-11D3-BF4B-00C04F79EFBC}") = "Application", "Application\Application.csproj", "{B122DE46-022F-4EF9-8554-F4582689BC7C}"
EndProject
Global
	GlobalSection(SolutionConfigurationPlatforms) = preSolution
		Debug|Any CPU = Debug|Any CPU
		Release|Any CPU = Release|Any CPU
	EndGlobalSection
	GlobalSection(ProjectConfigurationPlatforms) = postSolution
		{AEF99BE0-27E3-41A4-B3FA-4917E8A63D5A}.Debug|Any CPU.ActiveCfg = Debug|Any CPU
		{AEF99BE0-27E3-41A4-B3FA-4917E8A63D5A}.Debug|Any CPU.Build.0 = Debug|Any CPU
		{AEF99BE0-27E3-41A4-B3FA-4917E8A63D5A}.Release|Any CPU.ActiveCfg = Release|Any CPU
		{AEF99BE0-27E3-41A4-B3FA-4917E8A63D5A}.Release|Any CPU.Build.0 = Release|Any CPU
		{85A38462-B7FF-4927-96B9-9D0D7AD4789C}.Debug|Any CPU.ActiveCfg = Debug|Any CPU
		{85A38462-B7FF-4927-96B9-9D0D7AD4789C}.Debug|Any CPU.Build.0 = Debug|Any CPU
		{85A38462-B7FF-4927-96B9-9D0D7AD4789C}.Release|Any CPU.ActiveCfg = Release|Any CPU
		{85A38462-B7FF-4927-96B9-9D0D7AD4789C}.Release|Any CPU.Build.0 = Release|Any CPU
		{B8D50EBB-BF19-4D74-992F-FE2AC31CC5D7}.Debug|Any CPU.ActiveCfg = Debug|Any CPU
		{B8D50EBB-BF19-4D74-992F-FE2AC31CC5D7}.Debug|Any CPU.Build.0 = Debug|Any CPU
		{B8D50EBB-BF19-4D74-992F-FE2AC31CC5D7}.Release|Any CPU.ActiveCfg = Release|Any CPU
		{B8D50EBB-BF19-4D74-992F-FE2AC31CC5D7}.Release|Any CPU.Build.0 = Release|Any CPU
		{B122DE46-022F-4EF9-8554-F4582689BC7C}.Debug|Any CPU.ActiveCfg = Debug|Any CPU
		{B122DE46-022F-4EF9-8554-F4582689BC7C}.Debug|Any CPU.Build.0 = Debug|Any CPU
		{B122DE46-022F-4EF9-8554-F4582689BC7C}.Release|Any CPU.ActiveCfg = Release|Any CPU
		{B122DE46-022F-4EF9-8554-F4582689BC7C}.Release|Any CPU.Build.0 = Release|Any CPU
	EndGlobalSection
EndGlobal
